
Microsoft Visual Studio Solution File, Format Version 12.00
# Visual Studio Version 16
VisualStudioVersion = 16.0.31112.23
MinimumVisualStudioVersion = 10.0.40219.1
Project("{FAE04EC0-301F-11D3-BF4B-00C04F79EFBC}") = "Zork", "Zork\Zork.csproj", "{C9D92E81-F0F7-4742-9A0F-589F748A53CC}"
EndProject
Global
	GlobalSection(SolutionConfigurationPlatforms) = preSolution
		Debug|Any CPU = Debug|Any CPU
		Release|Any CPU = Release|Any CPU
	EndGlobalSection
	GlobalSection(ProjectConfigurationPlatforms) = postSolution
		{C9D92E81-F0F7-4742-9A0F-589F748A53CC}.Debug|Any CPU.ActiveCfg = Debug|Any CPU
		{C9D92E81-F0F7-4742-9A0F-589F748A53CC}.Debug|Any CPU.Build.0 = Debug|Any CPU
		{C9D92E81-F0F7-4742-9A0F-589F748A53CC}.Release|Any CPU.ActiveCfg = Release|Any CPU
		{C9D92E81-F0F7-4742-9A0F-589F748A53CC}.Release|Any CPU.Build.0 = Release|Any CPU
	EndGlobalSection
	GlobalSection(SolutionProperties) = preSolution
		HideSolutionNode = FALSE
	EndGlobalSection
	GlobalSection(ExtensibilityGlobals) = postSolution
		SolutionGuid = {02C5998F-5272-4E97-BEDB-2DFB32B63863}
	EndGlobalSection
EndGlobal
